// !$*UTF8*$!
{
	archiveVersion = 1;
	classes = {
	};
	objectVersion = 56;
	objects = {

/* Begin PBXBuildFile section */
		6D68CB6A2AEF0A440007A35F /* RecommendationViewController.swift in Sources */ = {isa = PBXBuildFile; fileRef = 6D68CB692AEF0A440007A35F /* RecommendationViewController.swift */; };
		6DC5E4932AE0CA5200E45BC4 /* AppDelegate.swift in Sources */ = {isa = PBXBuildFile; fileRef = 6DC5E4922AE0CA5200E45BC4 /* AppDelegate.swift */; };
		6DC5E4952AE0CA5200E45BC4 /* SceneDelegate.swift in Sources */ = {isa = PBXBuildFile; fileRef = 6DC5E4942AE0CA5200E45BC4 /* SceneDelegate.swift */; };
		6DC5E4972AE0CA5200E45BC4 /* ViewController.swift in Sources */ = {isa = PBXBuildFile; fileRef = 6DC5E4962AE0CA5200E45BC4 /* ViewController.swift */; };
		6DC5E49A2AE0CA5200E45BC4 /* Main.storyboard in Resources */ = {isa = PBXBuildFile; fileRef = 6DC5E4982AE0CA5200E45BC4 /* Main.storyboard */; };
		6DC5E49C2AE0CA5500E45BC4 /* Assets.xcassets in Resources */ = {isa = PBXBuildFile; fileRef = 6DC5E49B2AE0CA5500E45BC4 /* Assets.xcassets */; };
		6DC5E49F2AE0CA5500E45BC4 /* LaunchScreen.storyboard in Resources */ = {isa = PBXBuildFile; fileRef = 6DC5E49D2AE0CA5500E45BC4 /* LaunchScreen.storyboard */; };
		6DC5E4AA2AE0CA5500E45BC4 /* NoahCunninghamBaker_Lab4Tests.swift in Sources */ = {isa = PBXBuildFile; fileRef = 6DC5E4A92AE0CA5500E45BC4 /* NoahCunninghamBaker_Lab4Tests.swift */; };
		6DC5E4B42AE0CA5500E45BC4 /* NoahCunninghamBaker_Lab4UITests.swift in Sources */ = {isa = PBXBuildFile; fileRef = 6DC5E4B32AE0CA5500E45BC4 /* NoahCunninghamBaker_Lab4UITests.swift */; };
		6DC5E4B62AE0CA5500E45BC4 /* NoahCunninghamBaker_Lab4UITestsLaunchTests.swift in Sources */ = {isa = PBXBuildFile; fileRef = 6DC5E4B52AE0CA5500E45BC4 /* NoahCunninghamBaker_Lab4UITestsLaunchTests.swift */; };
		6DC5E4C72AE5A2B400E45BC4 /* DetailedViewController.swift in Sources */ = {isa = PBXBuildFile; fileRef = 6DC5E4C62AE5A2B400E45BC4 /* DetailedViewController.swift */; };
		6DC5E4C92AE98C1B00E45BC4 /* MovieCollectionViewCell.swift in Sources */ = {isa = PBXBuildFile; fileRef = 6DC5E4C82AE98C1B00E45BC4 /* MovieCollectionViewCell.swift */; };
		6DC5E4CB2AEDACD200E45BC4 /* FavoritesViewController.swift in Sources */ = {isa = PBXBuildFile; fileRef = 6DC5E4CA2AEDACD200E45BC4 /* FavoritesViewController.swift */; };
		6DC5E4CD2AEEC91A00E45BC4 /* DetailedFavoritesViewController.swift in Sources */ = {isa = PBXBuildFile; fileRef = 6DC5E4CC2AEEC91A00E45BC4 /* DetailedFavoritesViewController.swift */; };
		6DC5E4D12AEED1C400E45BC4 /* TheatersViewController.swift in Sources */ = {isa = PBXBuildFile; fileRef = 6DC5E4D02AEED1C400E45BC4 /* TheatersViewController.swift */; };
		6DC5E4D52AEED8E400E45BC4 /* MovieTableViewCell.swift in Sources */ = {isa = PBXBuildFile; fileRef = 6DC5E4D42AEED8E400E45BC4 /* MovieTableViewCell.swift */; };
/* End PBXBuildFile section */

/* Begin PBXContainerItemProxy section */
		6DC5E4A62AE0CA5500E45BC4 /* PBXContainerItemProxy */ = {
			isa = PBXContainerItemProxy;
			containerPortal = 6DC5E4872AE0CA5200E45BC4 /* Project object */;
			proxyType = 1;
			remoteGlobalIDString = 6DC5E48E2AE0CA5200E45BC4;
			remoteInfo = "Movie-Finder";
		};
		6DC5E4B02AE0CA5500E45BC4 /* PBXContainerItemProxy */ = {
			isa = PBXContainerItemProxy;
			containerPortal = 6DC5E4872AE0CA5200E45BC4 /* Project object */;
			proxyType = 1;
			remoteGlobalIDString = 6DC5E48E2AE0CA5200E45BC4;
			remoteInfo = "Movie-Finder";
		};
/* End PBXContainerItemProxy section */

/* Begin PBXFileReference section */
		6D68CB692AEF0A440007A35F /* RecommendationViewController.swift */ = {isa = PBXFileReference; lastKnownFileType = sourcecode.swift; path = RecommendationViewController.swift; sourceTree = "<group>"; };
		6DBB5C222AF041CD00D6F26B /* README.md */ = {isa = PBXFileReference; lastKnownFileType = net.daringfireball.markdown; path = README.md; sourceTree = "<group>"; };
		6DC5E48F2AE0CA5200E45BC4 /* Movie-Finder.app */ = {isa = PBXFileReference; explicitFileType = wrapper.application; includeInIndex = 0; path = "Movie-Finder.app"; sourceTree = BUILT_PRODUCTS_DIR; };
		6DC5E4922AE0CA5200E45BC4 /* AppDelegate.swift */ = {isa = PBXFileReference; lastKnownFileType = sourcecode.swift; path = AppDelegate.swift; sourceTree = "<group>"; };
		6DC5E4942AE0CA5200E45BC4 /* SceneDelegate.swift */ = {isa = PBXFileReference; lastKnownFileType = sourcecode.swift; path = SceneDelegate.swift; sourceTree = "<group>"; };
		6DC5E4962AE0CA5200E45BC4 /* ViewController.swift */ = {isa = PBXFileReference; lastKnownFileType = sourcecode.swift; path = ViewController.swift; sourceTree = "<group>"; };
		6DC5E4992AE0CA5200E45BC4 /* Base */ = {isa = PBXFileReference; lastKnownFileType = file.storyboard; name = Base; path = Base.lproj/Main.storyboard; sourceTree = "<group>"; };
		6DC5E49B2AE0CA5500E45BC4 /* Assets.xcassets */ = {isa = PBXFileReference; lastKnownFileType = folder.assetcatalog; path = Assets.xcassets; sourceTree = "<group>"; };
		6DC5E49E2AE0CA5500E45BC4 /* Base */ = {isa = PBXFileReference; lastKnownFileType = file.storyboard; name = Base; path = Base.lproj/LaunchScreen.storyboard; sourceTree = "<group>"; };
		6DC5E4A02AE0CA5500E45BC4 /* Info.plist */ = {isa = PBXFileReference; lastKnownFileType = text.plist.xml; path = Info.plist; sourceTree = "<group>"; };
		6DC5E4A52AE0CA5500E45BC4 /* Movie-FinderTests.xctest */ = {isa = PBXFileReference; explicitFileType = wrapper.cfbundle; includeInIndex = 0; path = "Movie-FinderTests.xctest"; sourceTree = BUILT_PRODUCTS_DIR; };
		6DC5E4A92AE0CA5500E45BC4 /* NoahCunninghamBaker_Lab4Tests.swift */ = {isa = PBXFileReference; lastKnownFileType = sourcecode.swift; path = NoahCunninghamBaker_Lab4Tests.swift; sourceTree = "<group>"; };
		6DC5E4AF2AE0CA5500E45BC4 /* Movie-FinderUITests.xctest */ = {isa = PBXFileReference; explicitFileType = wrapper.cfbundle; includeInIndex = 0; path = "Movie-FinderUITests.xctest"; sourceTree = BUILT_PRODUCTS_DIR; };
		6DC5E4B32AE0CA5500E45BC4 /* NoahCunninghamBaker_Lab4UITests.swift */ = {isa = PBXFileReference; lastKnownFileType = sourcecode.swift; path = NoahCunninghamBaker_Lab4UITests.swift; sourceTree = "<group>"; };
		6DC5E4B52AE0CA5500E45BC4 /* NoahCunninghamBaker_Lab4UITestsLaunchTests.swift */ = {isa = PBXFileReference; lastKnownFileType = sourcecode.swift; path = NoahCunninghamBaker_Lab4UITestsLaunchTests.swift; sourceTree = "<group>"; };
		6DC5E4C62AE5A2B400E45BC4 /* DetailedViewController.swift */ = {isa = PBXFileReference; lastKnownFileType = sourcecode.swift; path = DetailedViewController.swift; sourceTree = "<group>"; };
		6DC5E4C82AE98C1B00E45BC4 /* MovieCollectionViewCell.swift */ = {isa = PBXFileReference; lastKnownFileType = sourcecode.swift; path = MovieCollectionViewCell.swift; sourceTree = "<group>"; };
		6DC5E4CA2AEDACD200E45BC4 /* FavoritesViewController.swift */ = {isa = PBXFileReference; lastKnownFileType = sourcecode.swift; path = FavoritesViewController.swift; sourceTree = "<group>"; };
		6DC5E4CC2AEEC91A00E45BC4 /* DetailedFavoritesViewController.swift */ = {isa = PBXFileReference; lastKnownFileType = sourcecode.swift; path = DetailedFavoritesViewController.swift; sourceTree = "<group>"; };
		6DC5E4D02AEED1C400E45BC4 /* TheatersViewController.swift */ = {isa = PBXFileReference; lastKnownFileType = sourcecode.swift; path = TheatersViewController.swift; sourceTree = "<group>"; };
		6DC5E4D42AEED8E400E45BC4 /* MovieTableViewCell.swift */ = {isa = PBXFileReference; lastKnownFileType = sourcecode.swift; path = MovieTableViewCell.swift; sourceTree = "<group>"; };
/* End PBXFileReference section */

/* Begin PBXFrameworksBuildPhase section */
		6DC5E48C2AE0CA5200E45BC4 /* Frameworks */ = {
			isa = PBXFrameworksBuildPhase;
			buildActionMask = 2147483647;
			files = (
			);
			runOnlyForDeploymentPostprocessing = 0;
		};
		6DC5E4A22AE0CA5500E45BC4 /* Frameworks */ = {
			isa = PBXFrameworksBuildPhase;
			buildActionMask = 2147483647;
			files = (
			);
			runOnlyForDeploymentPostprocessing = 0;
		};
		6DC5E4AC2AE0CA5500E45BC4 /* Frameworks */ = {
			isa = PBXFrameworksBuildPhase;
			buildActionMask = 2147483647;
			files = (
			);
			runOnlyForDeploymentPostprocessing = 0;
		};
/* End PBXFrameworksBuildPhase section */

/* Begin PBXGroup section */
		6DC5E4862AE0CA5200E45BC4 = {
			isa = PBXGroup;
			children = (
				6DC5E4912AE0CA5200E45BC4 /* Movie-Finder */,
				6DC5E4A82AE0CA5500E45BC4 /* Movie-FinderTests */,
				6DC5E4B22AE0CA5500E45BC4 /* Movie-FinderUITests */,
				6DC5E4902AE0CA5200E45BC4 /* Products */,
			);
			sourceTree = "<group>";
		};
		6DC5E4902AE0CA5200E45BC4 /* Products */ = {
			isa = PBXGroup;
			children = (
				6DC5E48F2AE0CA5200E45BC4 /* Movie-Finder.app */,
				6DC5E4A52AE0CA5500E45BC4 /* Movie-FinderTests.xctest */,
				6DC5E4AF2AE0CA5500E45BC4 /* Movie-FinderUITests.xctest */,
			);
			name = Products;
			sourceTree = "<group>";
		};
		6DC5E4912AE0CA5200E45BC4 /* Movie-Finder */ = {
			isa = PBXGroup;
			children = (
				6DC5E4922AE0CA5200E45BC4 /* AppDelegate.swift */,
				6DC5E4C82AE98C1B00E45BC4 /* MovieCollectionViewCell.swift */,
				6DC5E4942AE0CA5200E45BC4 /* SceneDelegate.swift */,
				6DC5E4962AE0CA5200E45BC4 /* ViewController.swift */,
				6DC5E4982AE0CA5200E45BC4 /* Main.storyboard */,
				6DC5E49B2AE0CA5500E45BC4 /* Assets.xcassets */,
				6DC5E49D2AE0CA5500E45BC4 /* LaunchScreen.storyboard */,
				6DC5E4A02AE0CA5500E45BC4 /* Info.plist */,
				6DC5E4C62AE5A2B400E45BC4 /* DetailedViewController.swift */,
				6DC5E4CA2AEDACD200E45BC4 /* FavoritesViewController.swift */,
				6DC5E4CC2AEEC91A00E45BC4 /* DetailedFavoritesViewController.swift */,
				6DC5E4D02AEED1C400E45BC4 /* TheatersViewController.swift */,
				6DC5E4D42AEED8E400E45BC4 /* MovieTableViewCell.swift */,
				6D68CB692AEF0A440007A35F /* RecommendationViewController.swift */,
				6DBB5C222AF041CD00D6F26B /* README.md */,
			);
			path = "Movie-Finder";
			sourceTree = "<group>";
		};
		6DC5E4A82AE0CA5500E45BC4 /* Movie-FinderTests */ = {
			isa = PBXGroup;
			children = (
				6DC5E4A92AE0CA5500E45BC4 /* NoahCunninghamBaker_Lab4Tests.swift */,
			);
			path = "Movie-FinderTests";
			sourceTree = "<group>";
		};
		6DC5E4B22AE0CA5500E45BC4 /* Movie-FinderUITests */ = {
			isa = PBXGroup;
			children = (
				6DC5E4B32AE0CA5500E45BC4 /* NoahCunninghamBaker_Lab4UITests.swift */,
				6DC5E4B52AE0CA5500E45BC4 /* NoahCunninghamBaker_Lab4UITestsLaunchTests.swift */,
			);
			path = "Movie-FinderUITests";
			sourceTree = "<group>";
		};
/* End PBXGroup section */

/* Begin PBXNativeTarget section */
		6DC5E48E2AE0CA5200E45BC4 /* Movie-Finder */ = {
			isa = PBXNativeTarget;
			buildConfigurationList = 6DC5E4B92AE0CA5500E45BC4 /* Build configuration list for PBXNativeTarget "Movie-Finder" */;
			buildPhases = (
				6DC5E48B2AE0CA5200E45BC4 /* Sources */,
				6DC5E48C2AE0CA5200E45BC4 /* Frameworks */,
				6DC5E48D2AE0CA5200E45BC4 /* Resources */,
			);
			buildRules = (
			);
			dependencies = (
			);
			name = "Movie-Finder";
			productName = "Movie-Finder";
			productReference = 6DC5E48F2AE0CA5200E45BC4 /* Movie-Finder.app */;
			productType = "com.apple.product-type.application";
		};
		6DC5E4A42AE0CA5500E45BC4 /* Movie-FinderTests */ = {
			isa = PBXNativeTarget;
			buildConfigurationList = 6DC5E4BC2AE0CA5500E45BC4 /* Build configuration list for PBXNativeTarget "Movie-FinderTests" */;
			buildPhases = (
				6DC5E4A12AE0CA5500E45BC4 /* Sources */,
				6DC5E4A22AE0CA5500E45BC4 /* Frameworks */,
				6DC5E4A32AE0CA5500E45BC4 /* Resources */,
			);
			buildRules = (
			);
			dependencies = (
				6DC5E4A72AE0CA5500E45BC4 /* PBXTargetDependency */,
			);
			name = "Movie-FinderTests";
			productName = "Movie-FinderTests";
			productReference = 6DC5E4A52AE0CA5500E45BC4 /* Movie-FinderTests.xctest */;
			productType = "com.apple.product-type.bundle.unit-test";
		};
		6DC5E4AE2AE0CA5500E45BC4 /* Movie-FinderUITests */ = {
			isa = PBXNativeTarget;
			buildConfigurationList = 6DC5E4BF2AE0CA5500E45BC4 /* Build configuration list for PBXNativeTarget "Movie-FinderUITests" */;
			buildPhases = (
				6DC5E4AB2AE0CA5500E45BC4 /* Sources */,
				6DC5E4AC2AE0CA5500E45BC4 /* Frameworks */,
				6DC5E4AD2AE0CA5500E45BC4 /* Resources */,
			);
			buildRules = (
			);
			dependencies = (
				6DC5E4B12AE0CA5500E45BC4 /* PBXTargetDependency */,
			);
			name = "Movie-FinderUITests";
			productName = "Movie-FinderUITests";
			productReference = 6DC5E4AF2AE0CA5500E45BC4 /* Movie-FinderUITests.xctest */;
			productType = "com.apple.product-type.bundle.ui-testing";
		};
/* End PBXNativeTarget section */

/* Begin PBXProject section */
		6DC5E4872AE0CA5200E45BC4 /* Project object */ = {
			isa = PBXProject;
			attributes = {
				BuildIndependentTargetsInParallel = 1;
				LastSwiftUpdateCheck = 1500;
				LastUpgradeCheck = 1500;
				TargetAttributes = {
					6DC5E48E2AE0CA5200E45BC4 = {
						CreatedOnToolsVersion = 15.0;
					};
					6DC5E4A42AE0CA5500E45BC4 = {
						CreatedOnToolsVersion = 15.0;
						TestTargetID = 6DC5E48E2AE0CA5200E45BC4;
					};
					6DC5E4AE2AE0CA5500E45BC4 = {
						CreatedOnToolsVersion = 15.0;
						TestTargetID = 6DC5E48E2AE0CA5200E45BC4;
					};
				};
			};
			buildConfigurationList = 6DC5E48A2AE0CA5200E45BC4 /* Build configuration list for PBXProject "Movie-Finder" */;
			compatibilityVersion = "Xcode 14.0";
			developmentRegion = en;
			hasScannedForEncodings = 0;
			knownRegions = (
				en,
				Base,
			);
			mainGroup = 6DC5E4862AE0CA5200E45BC4;
			productRefGroup = 6DC5E4902AE0CA5200E45BC4 /* Products */;
			projectDirPath = "";
			projectRoot = "";
			targets = (
				6DC5E48E2AE0CA5200E45BC4 /* Movie-Finder */,
				6DC5E4A42AE0CA5500E45BC4 /* Movie-FinderTests */,
				6DC5E4AE2AE0CA5500E45BC4 /* Movie-FinderUITests */,
			);
		};
/* End PBXProject section */

/* Begin PBXResourcesBuildPhase section */
		6DC5E48D2AE0CA5200E45BC4 /* Resources */ = {
			isa = PBXResourcesBuildPhase;
			buildActionMask = 2147483647;
			files = (
				6DC5E49F2AE0CA5500E45BC4 /* LaunchScreen.storyboard in Resources */,
				6DC5E49C2AE0CA5500E45BC4 /* Assets.xcassets in Resources */,
				6DC5E49A2AE0CA5200E45BC4 /* Main.storyboard in Resources */,
			);
			runOnlyForDeploymentPostprocessing = 0;
		};
		6DC5E4A32AE0CA5500E45BC4 /* Resources */ = {
			isa = PBXResourcesBuildPhase;
			buildActionMask = 2147483647;
			files = (
			);
			runOnlyForDeploymentPostprocessing = 0;
		};
		6DC5E4AD2AE0CA5500E45BC4 /* Resources */ = {
			isa = PBXResourcesBuildPhase;
			buildActionMask = 2147483647;
			files = (
			);
			runOnlyForDeploymentPostprocessing = 0;
		};
/* End PBXResourcesBuildPhase section */

/* Begin PBXSourcesBuildPhase section */
		6DC5E48B2AE0CA5200E45BC4 /* Sources */ = {
			isa = PBXSourcesBuildPhase;
			buildActionMask = 2147483647;
			files = (
				6DC5E4972AE0CA5200E45BC4 /* ViewController.swift in Sources */,
				6DC5E4932AE0CA5200E45BC4 /* AppDelegate.swift in Sources */,
				6DC5E4D52AEED8E400E45BC4 /* MovieTableViewCell.swift in Sources */,
				6DC5E4C92AE98C1B00E45BC4 /* MovieCollectionViewCell.swift in Sources */,
				6DC5E4C72AE5A2B400E45BC4 /* DetailedViewController.swift in Sources */,
				6DC5E4CB2AEDACD200E45BC4 /* FavoritesViewController.swift in Sources */,
				6DC5E4952AE0CA5200E45BC4 /* SceneDelegate.swift in Sources */,
				6D68CB6A2AEF0A440007A35F /* RecommendationViewController.swift in Sources */,
				6DC5E4D12AEED1C400E45BC4 /* TheatersViewController.swift in Sources */,
				6DC5E4CD2AEEC91A00E45BC4 /* DetailedFavoritesViewController.swift in Sources */,
			);
			runOnlyForDeploymentPostprocessing = 0;
		};
		6DC5E4A12AE0CA5500E45BC4 /* Sources */ = {
			isa = PBXSourcesBuildPhase;
			buildActionMask = 2147483647;
			files = (
				6DC5E4AA2AE0CA5500E45BC4 /* NoahCunninghamBaker_Lab4Tests.swift in Sources */,
			);
			runOnlyForDeploymentPostprocessing = 0;
		};
		6DC5E4AB2AE0CA5500E45BC4 /* Sources */ = {
			isa = PBXSourcesBuildPhase;
			buildActionMask = 2147483647;
			files = (
				6DC5E4B42AE0CA5500E45BC4 /* NoahCunninghamBaker_Lab4UITests.swift in Sources */,
				6DC5E4B62AE0CA5500E45BC4 /* NoahCunninghamBaker_Lab4UITestsLaunchTests.swift in Sources */,
			);
			runOnlyForDeploymentPostprocessing = 0;
		};
/* End PBXSourcesBuildPhase section */

/* Begin PBXTargetDependency section */
		6DC5E4A72AE0CA5500E45BC4 /* PBXTargetDependency */ = {
			isa = PBXTargetDependency;
			target = 6DC5E48E2AE0CA5200E45BC4 /* Movie-Finder */;
			targetProxy = 6DC5E4A62AE0CA5500E45BC4 /* PBXContainerItemProxy */;
		};
		6DC5E4B12AE0CA5500E45BC4 /* PBXTargetDependency */ = {
			isa = PBXTargetDependency;
			target = 6DC5E48E2AE0CA5200E45BC4 /* Movie-Finder */;
			targetProxy = 6DC5E4B02AE0CA5500E45BC4 /* PBXContainerItemProxy */;
		};
/* End PBXTargetDependency section */

/* Begin PBXVariantGroup section */
		6DC5E4982AE0CA5200E45BC4 /* Main.storyboard */ = {
			isa = PBXVariantGroup;
			children = (
				6DC5E4992AE0CA5200E45BC4 /* Base */,
			);
			name = Main.storyboard;
			sourceTree = "<group>";
		};
		6DC5E49D2AE0CA5500E45BC4 /* LaunchScreen.storyboard */ = {
			isa = PBXVariantGroup;
			children = (
				6DC5E49E2AE0CA5500E45BC4 /* Base */,
			);
			name = LaunchScreen.storyboard;
			sourceTree = "<group>";
		};
/* End PBXVariantGroup section */

/* Begin XCBuildConfiguration section */
		6DC5E4B72AE0CA5500E45BC4 /* Debug */ = {
			isa = XCBuildConfiguration;
			buildSettings = {
				ALWAYS_SEARCH_USER_PATHS = NO;
				ASSETCATALOG_COMPILER_GENERATE_SWIFT_ASSET_SYMBOL_EXTENSIONS = YES;
				CLANG_ANALYZER_NONNULL = YES;
				CLANG_ANALYZER_NUMBER_OBJECT_CONVERSION = YES_AGGRESSIVE;
				CLANG_CXX_LANGUAGE_STANDARD = "gnu++20";
				CLANG_ENABLE_MODULES = YES;
				CLANG_ENABLE_OBJC_ARC = YES;
				CLANG_ENABLE_OBJC_WEAK = YES;
				CLANG_WARN_BLOCK_CAPTURE_AUTORELEASING = YES;
				CLANG_WARN_BOOL_CONVERSION = YES;
				CLANG_WARN_COMMA = YES;
				CLANG_WARN_CONSTANT_CONVERSION = YES;
				CLANG_WARN_DEPRECATED_OBJC_IMPLEMENTATIONS = YES;
				CLANG_WARN_DIRECT_OBJC_ISA_USAGE = YES_ERROR;
				CLANG_WARN_DOCUMENTATION_COMMENTS = YES;
				CLANG_WARN_EMPTY_BODY = YES;
				CLANG_WARN_ENUM_CONVERSION = YES;
				CLANG_WARN_INFINITE_RECURSION = YES;
				CLANG_WARN_INT_CONVERSION = YES;
				CLANG_WARN_NON_LITERAL_NULL_CONVERSION = YES;
				CLANG_WARN_OBJC_IMPLICIT_RETAIN_SELF = YES;
				CLANG_WARN_OBJC_LITERAL_CONVERSION = YES;
				CLANG_WARN_OBJC_ROOT_CLASS = YES_ERROR;
				CLANG_WARN_QUOTED_INCLUDE_IN_FRAMEWORK_HEADER = YES;
				CLANG_WARN_RANGE_LOOP_ANALYSIS = YES;
				CLANG_WARN_STRICT_PROTOTYPES = YES;
				CLANG_WARN_SUSPICIOUS_MOVE = YES;
				CLANG_WARN_UNGUARDED_AVAILABILITY = YES_AGGRESSIVE;
				CLANG_WARN_UNREACHABLE_CODE = YES;
				CLANG_WARN__DUPLICATE_METHOD_MATCH = YES;
				COPY_PHASE_STRIP = NO;
				DEBUG_INFORMATION_FORMAT = dwarf;
				ENABLE_STRICT_OBJC_MSGSEND = YES;
				ENABLE_TESTABILITY = YES;
				ENABLE_USER_SCRIPT_SANDBOXING = YES;
				GCC_C_LANGUAGE_STANDARD = gnu17;
				GCC_DYNAMIC_NO_PIC = NO;
				GCC_NO_COMMON_BLOCKS = YES;
				GCC_OPTIMIZATION_LEVEL = 0;
				GCC_PREPROCESSOR_DEFINITIONS = (
					"DEBUG=1",
					"$(inherited)",
				);
				GCC_WARN_64_TO_32_BIT_CONVERSION = YES;
				GCC_WARN_ABOUT_RETURN_TYPE = YES_ERROR;
				GCC_WARN_UNDECLARED_SELECTOR = YES;
				GCC_WARN_UNINITIALIZED_AUTOS = YES_AGGRESSIVE;
				GCC_WARN_UNUSED_FUNCTION = YES;
				GCC_WARN_UNUSED_VARIABLE = YES;
				IPHONEOS_DEPLOYMENT_TARGET = 17.0;
				LOCALIZATION_PREFERS_STRING_CATALOGS = YES;
				MTL_ENABLE_DEBUG_INFO = INCLUDE_SOURCE;
				MTL_FAST_MATH = YES;
				ONLY_ACTIVE_ARCH = YES;
				SDKROOT = iphoneos;
				SWIFT_ACTIVE_COMPILATION_CONDITIONS = "DEBUG $(inherited)";
				SWIFT_OPTIMIZATION_LEVEL = "-Onone";
			};
			name = Debug;
		};
		6DC5E4B82AE0CA5500E45BC4 /* Release */ = {
			isa = XCBuildConfiguration;
			buildSettings = {
				ALWAYS_SEARCH_USER_PATHS = NO;
				ASSETCATALOG_COMPILER_GENERATE_SWIFT_ASSET_SYMBOL_EXTENSIONS = YES;
				CLANG_ANALYZER_NONNULL = YES;
				CLANG_ANALYZER_NUMBER_OBJECT_CONVERSION = YES_AGGRESSIVE;
				CLANG_CXX_LANGUAGE_STANDARD = "gnu++20";
				CLANG_ENABLE_MODULES = YES;
				CLANG_ENABLE_OBJC_ARC = YES;
				CLANG_ENABLE_OBJC_WEAK = YES;
				CLANG_WARN_BLOCK_CAPTURE_AUTORELEASING = YES;
				CLANG_WARN_BOOL_CONVERSION = YES;
				CLANG_WARN_COMMA = YES;
				CLANG_WARN_CONSTANT_CONVERSION = YES;
				CLANG_WARN_DEPRECATED_OBJC_IMPLEMENTATIONS = YES;
				CLANG_WARN_DIRECT_OBJC_ISA_USAGE = YES_ERROR;
				CLANG_WARN_DOCUMENTATION_COMMENTS = YES;
				CLANG_WARN_EMPTY_BODY = YES;
				CLANG_WARN_ENUM_CONVERSION = YES;
				CLANG_WARN_INFINITE_RECURSION = YES;
				CLANG_WARN_INT_CONVERSION = YES;
				CLANG_WARN_NON_LITERAL_NULL_CONVERSION = YES;
				CLANG_WARN_OBJC_IMPLICIT_RETAIN_SELF = YES;
				CLANG_WARN_OBJC_LITERAL_CONVERSION = YES;
				CLANG_WARN_OBJC_ROOT_CLASS = YES_ERROR;
				CLANG_WARN_QUOTED_INCLUDE_IN_FRAMEWORK_HEADER = YES;
				CLANG_WARN_RANGE_LOOP_ANALYSIS = YES;
				CLANG_WARN_STRICT_PROTOTYPES = YES;
				CLANG_WARN_SUSPICIOUS_MOVE = YES;
				CLANG_WARN_UNGUARDED_AVAILABILITY = YES_AGGRESSIVE;
				CLANG_WARN_UNREACHABLE_CODE = YES;
				CLANG_WARN__DUPLICATE_METHOD_MATCH = YES;
				COPY_PHASE_STRIP = NO;
				DEBUG_INFORMATION_FORMAT = "dwarf-with-dsym";
				ENABLE_NS_ASSERTIONS = NO;
				ENABLE_STRICT_OBJC_MSGSEND = YES;
				ENABLE_USER_SCRIPT_SANDBOXING = YES;
				GCC_C_LANGUAGE_STANDARD = gnu17;
				GCC_NO_COMMON_BLOCKS = YES;
				GCC_WARN_64_TO_32_BIT_CONVERSION = YES;
				GCC_WARN_ABOUT_RETURN_TYPE = YES_ERROR;
				GCC_WARN_UNDECLARED_SELECTOR = YES;
				GCC_WARN_UNINITIALIZED_AUTOS = YES_AGGRESSIVE;
				GCC_WARN_UNUSED_FUNCTION = YES;
				GCC_WARN_UNUSED_VARIABLE = YES;
				IPHONEOS_DEPLOYMENT_TARGET = 17.0;
				LOCALIZATION_PREFERS_STRING_CATALOGS = YES;
				MTL_ENABLE_DEBUG_INFO = NO;
				MTL_FAST_MATH = YES;
				SDKROOT = iphoneos;
				SWIFT_COMPILATION_MODE = wholemodule;
				VALIDATE_PRODUCT = YES;
			};
			name = Release;
		};
		6DC5E4BA2AE0CA5500E45BC4 /* Debug */ = {
			isa = XCBuildConfiguration;
			buildSettings = {
				ASSETCATALOG_COMPILER_APPICON_NAME = AppIcon;
				ASSETCATALOG_COMPILER_GLOBAL_ACCENT_COLOR_NAME = AccentColor;
				CODE_SIGN_STYLE = Automatic;
				CURRENT_PROJECT_VERSION = 1;
				GENERATE_INFOPLIST_FILE = YES;
				INFOPLIST_FILE = "Movie-Finder/Info.plist";
				INFOPLIST_KEY_CFBundleDisplayName = "Movie Finder";
				INFOPLIST_KEY_UIApplicationSupportsIndirectInputEvents = YES;
				INFOPLIST_KEY_UILaunchStoryboardName = LaunchScreen;
				INFOPLIST_KEY_UIMainStoryboardFile = Main;
				INFOPLIST_KEY_UISupportedInterfaceOrientations_iPad = "UIInterfaceOrientationPortrait UIInterfaceOrientationPortraitUpsideDown UIInterfaceOrientationLandscapeLeft UIInterfaceOrientationLandscapeRight";
				INFOPLIST_KEY_UISupportedInterfaceOrientations_iPhone = "UIInterfaceOrientationPortrait UIInterfaceOrientationLandscapeLeft UIInterfaceOrientationLandscapeRight";
				IPHONEOS_DEPLOYMENT_TARGET = 16.6;
				LD_RUNPATH_SEARCH_PATHS = (
					"$(inherited)",
					"@executable_path/Frameworks",
				);
				MARKETING_VERSION = 1.0;
				PRODUCT_BUNDLE_IDENTIFIER = "app.Movie-Finder";
				PRODUCT_NAME = "$(TARGET_NAME)";
				SWIFT_EMIT_LOC_STRINGS = YES;
				SWIFT_VERSION = 5.0;
				TARGETED_DEVICE_FAMILY = "1,2";
			};
			name = Debug;
		};
		6DC5E4BB2AE0CA5500E45BC4 /* Release */ = {
			isa = XCBuildConfiguration;
			buildSettings = {
				ASSETCATALOG_COMPILER_APPICON_NAME = AppIcon;
				ASSETCATALOG_COMPILER_GLOBAL_ACCENT_COLOR_NAME = AccentColor;
				CODE_SIGN_STYLE = Automatic;
				CURRENT_PROJECT_VERSION = 1;
				GENERATE_INFOPLIST_FILE = YES;
				INFOPLIST_FILE = "Movie-Finder/Info.plist";
				INFOPLIST_KEY_CFBundleDisplayName = "Movie Finder";
				INFOPLIST_KEY_UIApplicationSupportsIndirectInputEvents = YES;
				INFOPLIST_KEY_UILaunchStoryboardName = LaunchScreen;
				INFOPLIST_KEY_UIMainStoryboardFile = Main;
				INFOPLIST_KEY_UISupportedInterfaceOrientations_iPad = "UIInterfaceOrientationPortrait UIInterfaceOrientationPortraitUpsideDown UIInterfaceOrientationLandscapeLeft UIInterfaceOrientationLandscapeRight";
				INFOPLIST_KEY_UISupportedInterfaceOrientations_iPhone = "UIInterfaceOrientationPortrait UIInterfaceOrientationLandscapeLeft UIInterfaceOrientationLandscapeRight";
				IPHONEOS_DEPLOYMENT_TARGET = 16.6;
				LD_RUNPATH_SEARCH_PATHS = (
					"$(inherited)",
					"@executable_path/Frameworks",
				);
				MARKETING_VERSION = 1.0;
				PRODUCT_BUNDLE_IDENTIFIER = "app.Movie-Finder";
				PRODUCT_NAME = "$(TARGET_NAME)";
				SWIFT_EMIT_LOC_STRINGS = YES;
				SWIFT_VERSION = 5.0;
				TARGETED_DEVICE_FAMILY = "1,2";
			};
			name = Release;
		};
		6DC5E4BD2AE0CA5500E45BC4 /* Debug */ = {
			isa = XCBuildConfiguration;
			buildSettings = {
				ALWAYS_EMBED_SWIFT_STANDARD_LIBRARIES = YES;
				BUNDLE_LOADER = "$(TEST_HOST)";
				CODE_SIGN_STYLE = Automatic;
				CURRENT_PROJECT_VERSION = 1;
				GENERATE_INFOPLIST_FILE = YES;
				IPHONEOS_DEPLOYMENT_TARGET = 17.0;
				MARKETING_VERSION = 1.0;
				PRODUCT_BUNDLE_IDENTIFIER = "app.Movie-FinderTests";
				PRODUCT_NAME = "$(TARGET_NAME)";
				SWIFT_EMIT_LOC_STRINGS = NO;
				SWIFT_VERSION = 5.0;
				TARGETED_DEVICE_FAMILY = "1,2";
				TEST_HOST = "$(BUILT_PRODUCTS_DIR)/Movie-Finder.app/$(BUNDLE_EXECUTABLE_FOLDER_PATH)/Movie-Finder";
			};
			name = Debug;
		};
		6DC5E4BE2AE0CA5500E45BC4 /* Release */ = {
			isa = XCBuildConfiguration;
			buildSettings = {
				ALWAYS_EMBED_SWIFT_STANDARD_LIBRARIES = YES;
				BUNDLE_LOADER = "$(TEST_HOST)";
				CODE_SIGN_STYLE = Automatic;
				CURRENT_PROJECT_VERSION = 1;
				GENERATE_INFOPLIST_FILE = YES;
				IPHONEOS_DEPLOYMENT_TARGET = 17.0;
				MARKETING_VERSION = 1.0;
				PRODUCT_BUNDLE_IDENTIFIER = "app.Movie-FinderTests";
				PRODUCT_NAME = "$(TARGET_NAME)";
				SWIFT_EMIT_LOC_STRINGS = NO;
				SWIFT_VERSION = 5.0;
				TARGETED_DEVICE_FAMILY = "1,2";
				TEST_HOST = "$(BUILT_PRODUCTS_DIR)/Movie-Finder.app/$(BUNDLE_EXECUTABLE_FOLDER_PATH)/Movie-Finder";
			};
			name = Release;
		};
		6DC5E4C02AE0CA5500E45BC4 /* Debug */ = {
			isa = XCBuildConfiguration;
			buildSettings = {
				ALWAYS_EMBED_SWIFT_STANDARD_LIBRARIES = YES;
				CODE_SIGN_STYLE = Automatic;
				CURRENT_PROJECT_VERSION = 1;
				GENERATE_INFOPLIST_FILE = YES;
				MARKETING_VERSION = 1.0;
				PRODUCT_BUNDLE_IDENTIFIER = "app.Movie-FinderUITests";
				PRODUCT_NAME = "$(TARGET_NAME)";
				SWIFT_EMIT_LOC_STRINGS = NO;
				SWIFT_VERSION = 5.0;
				TARGETED_DEVICE_FAMILY = "1,2";
				TEST_TARGET_NAME = "Movie-Finder";
			};
			name = Debug;
		};
		6DC5E4C12AE0CA5500E45BC4 /* Release */ = {
			isa = XCBuildConfiguration;
			buildSettings = {
				ALWAYS_EMBED_SWIFT_STANDARD_LIBRARIES = YES;
				CODE_SIGN_STYLE = Automatic;
				CURRENT_PROJECT_VERSION = 1;
				GENERATE_INFOPLIST_FILE = YES;
				MARKETING_VERSION = 1.0;
				PRODUCT_BUNDLE_IDENTIFIER = "app.Movie-FinderUITests";
				PRODUCT_NAME = "$(TARGET_NAME)";
				SWIFT_EMIT_LOC_STRINGS = NO;
				SWIFT_VERSION = 5.0;
				TARGETED_DEVICE_FAMILY = "1,2";
				TEST_TARGET_NAME = "Movie-Finder";
			};
			name = Release;
		};
/* End XCBuildConfiguration section */

/* Begin XCConfigurationList section */
		6DC5E48A2AE0CA5200E45BC4 /* Build configuration list for PBXProject "Movie-Finder" */ = {
			isa = XCConfigurationList;
			buildConfigurations = (
				6DC5E4B72AE0CA5500E45BC4 /* Debug */,
				6DC5E4B82AE0CA5500E45BC4 /* Release */,
			);
			defaultConfigurationIsVisible = 0;
			defaultConfigurationName = Release;
		};
		6DC5E4B92AE0CA5500E45BC4 /* Build configuration list for PBXNativeTarget "Movie-Finder" */ = {
			isa = XCConfigurationList;
			buildConfigurations = (
				6DC5E4BA2AE0CA5500E45BC4 /* Debug */,
				6DC5E4BB2AE0CA5500E45BC4 /* Release */,
			);
			defaultConfigurationIsVisible = 0;
			defaultConfigurationName = Release;
		};
		6DC5E4BC2AE0CA5500E45BC4 /* Build configuration list for PBXNativeTarget "Movie-FinderTests" */ = {
			isa = XCConfigurationList;
			buildConfigurations = (
				6DC5E4BD2AE0CA5500E45BC4 /* Debug */,
				6DC5E4BE2AE0CA5500E45BC4 /* Release */,
			);
			defaultConfigurationIsVisible = 0;
			defaultConfigurationName = Release;
		};
		6DC5E4BF2AE0CA5500E45BC4 /* Build configuration list for PBXNativeTarget "Movie-FinderUITests" */ = {
			isa = XCConfigurationList;
			buildConfigurations = (
				6DC5E4C02AE0CA5500E45BC4 /* Debug */,
				6DC5E4C12AE0CA5500E45BC4 /* Release */,
			);
			defaultConfigurationIsVisible = 0;
			defaultConfigurationName = Release;
		};
/* End XCConfigurationList section */
	};
	rootObject = 6DC5E4872AE0CA5200E45BC4 /* Project object */;
}
